
Microsoft Visual Studio Solution File, Format Version 12.00
# Visual Studio Version 16
VisualStudioVersion = 16.0.32510.428
MinimumVisualStudioVersion = 10.0.40219.1
Project("{FAE04EC0-301F-11D3-BF4B-00C04F79EFBC}") = "appTriangulos", "appTriangulos.csproj", "{2F99E29F-0E7A-4F57-BD80-0A2983F3E31C}"
EndProject
Project("{FAE04EC0-301F-11D3-BF4B-00C04F79EFBC}") = "Entidades", "..\Entidades\Entidades.csproj", "{678FD240-BF21-4835-B2C2-A2CC44C73986}"
EndProject
Global
	GlobalSection(SolutionConfigurationPlatforms) = preSolution
		Debug|Any CPU = Debug|Any CPU
		Release|Any CPU = Release|Any CPU
	EndGlobalSection
	GlobalSection(ProjectConfigurationPlatforms) = postSolution
		{2F99E29F-0E7A-4F57-BD80-0A2983F3E31C}.Debug|Any CPU.ActiveCfg = Debug|Any CPU
		{2F99E29F-0E7A-4F57-BD80-0A2983F3E31C}.Debug|Any CPU.Build.0 = Debug|Any CPU
		{2F99E29F-0E7A-4F57-BD80-0A2983F3E31C}.Release|Any CPU.ActiveCfg = Release|Any CPU
		{2F99E29F-0E7A-4F57-BD80-0A2983F3E31C}.Release|Any CPU.Build.0 = Release|Any CPU
		{678FD240-BF21-4835-B2C2-A2CC44C73986}.Debug|Any CPU.ActiveCfg = Debug|Any CPU
		{678FD240-BF21-4835-B2C2-A2CC44C73986}.Debug|Any CPU.Build.0 = Debug|Any CPU
		{678FD240-BF21-4835-B2C2-A2CC44C73986}.Release|Any CPU.ActiveCfg = Release|Any CPU
		{678FD240-BF21-4835-B2C2-A2CC44C73986}.Release|Any CPU.Build.0 = Release|Any CPU
	EndGlobalSection
	GlobalSection(SolutionProperties) = preSolution
		HideSolutionNode = FALSE
	EndGlobalSection
	GlobalSection(ExtensibilityGlobals) = postSolution
		SolutionGuid = {F5ED9A78-962A-48B1-B6C3-5D595F43AD13}
	EndGlobalSection
EndGlobal
